
Microsoft Visual Studio Solution File, Format Version 12.00
# Visual Studio Version 16
VisualStudioVersion = 16.0.29324.140
MinimumVisualStudioVersion = 10.0.40219.1
Project("{2150E333-8FDC-42A3-9474-1A3956D46DE8}") = "Src", "Src", "{C9FA969B-E585-45C0-AF92-704B7CBB6234}"
EndProject
Project("{2150E333-8FDC-42A3-9474-1A3956D46DE8}") = "Core", "Core", "{D3853075-DEEB-4144-9526-83FE616268B5}"
EndProject
Project("{2150E333-8FDC-42A3-9474-1A3956D46DE8}") = "Infrastructure", "Infrastructure", "{C5A8F9DA-765E-4128-80D1-6E808250982A}"
EndProject
Project("{2150E333-8FDC-42A3-9474-1A3956D46DE8}") = "Presentation", "Presentation", "{1C614960-0517-4855-883E-66F18305DD65}"
EndProject
Project("{2150E333-8FDC-42A3-9474-1A3956D46DE8}") = "Tests", "Tests", "{8D382DDB-76C3-414F-91D1-4EEBDB1F4E15}"
EndProject
Project("{2150E333-8FDC-42A3-9474-1A3956D46DE8}") = "Docs", "Docs", "{DAD0B1D4-EFE9-4F3E-857A-5635DF1EF65C}"
EndProject
Project("{9A19103F-16F7-4668-BE54-9A1E7A4F7556}") = "Campus.Infrastructure", "Campus.Infrastructure\Campus.Infrastructure.csproj", "{C7EF3932-4139-41AC-AF38-41D892EF0B2D}"
EndProject
Project("{9A19103F-16F7-4668-BE54-9A1E7A4F7556}") = "Campus.Persistence", "Campus.Persistence\Campus.Persistence.csproj", "{2F80E121-F301-4A3E-8757-8D461DF55116}"
EndProject
Project("{2150E333-8FDC-42A3-9474-1A3956D46DE8}") = "Common", "Common", "{CA261A8D-7252-428B-BB40-A17D9EC73164}"
EndProject
Project("{9A19103F-16F7-4668-BE54-9A1E7A4F7556}") = "Campus.Common", "Campus.Common\Campus.Common.csproj", "{EC8DE874-BA5E-4F71-9EB7-8F58A3F18849}"
EndProject
Project("{9A19103F-16F7-4668-BE54-9A1E7A4F7556}") = "Campus.Domain", "Campus.Domain\Campus.Domain.csproj", "{30C790C7-2919-407B-B33E-A889CF1FD0B8}"
EndProject
Project("{9A19103F-16F7-4668-BE54-9A1E7A4F7556}") = "Campus.Application", "Campus.Application\Campus.Application.csproj", "{F54E1335-C58B-4505-8210-E319D98561A4}"
EndProject
Project("{FAE04EC0-301F-11D3-BF4B-00C04F79EFBC}") = "Campus.WebUI", "Campus.WebUI\Campus.WebUI.csproj", "{DF29CCC3-EB4D-4BFF-A123-09409D52502E}"
EndProject
Global
	GlobalSection(SolutionConfigurationPlatforms) = preSolution
		Debug|Any CPU = Debug|Any CPU
		Release|Any CPU = Release|Any CPU
	EndGlobalSection
	GlobalSection(ProjectConfigurationPlatforms) = postSolution
		{C7EF3932-4139-41AC-AF38-41D892EF0B2D}.Debug|Any CPU.ActiveCfg = Debug|Any CPU
		{C7EF3932-4139-41AC-AF38-41D892EF0B2D}.Debug|Any CPU.Build.0 = Debug|Any CPU
		{C7EF3932-4139-41AC-AF38-41D892EF0B2D}.Release|Any CPU.ActiveCfg = Release|Any CPU
		{C7EF3932-4139-41AC-AF38-41D892EF0B2D}.Release|Any CPU.Build.0 = Release|Any CPU
		{2F80E121-F301-4A3E-8757-8D461DF55116}.Debug|Any CPU.ActiveCfg = Debug|Any CPU
		{2F80E121-F301-4A3E-8757-8D461DF55116}.Debug|Any CPU.Build.0 = Debug|Any CPU
		{2F80E121-F301-4A3E-8757-8D461DF55116}.Release|Any CPU.ActiveCfg = Release|Any CPU
		{2F80E121-F301-4A3E-8757-8D461DF55116}.Release|Any CPU.Build.0 = Release|Any CPU
		{EC8DE874-BA5E-4F71-9EB7-8F58A3F18849}.Debug|Any CPU.ActiveCfg = Debug|Any CPU
		{EC8DE874-BA5E-4F71-9EB7-8F58A3F18849}.Debug|Any CPU.Build.0 = Debug|Any CPU
		{EC8DE874-BA5E-4F71-9EB7-8F58A3F18849}.Release|Any CPU.ActiveCfg = Release|Any CPU
		{EC8DE874-BA5E-4F71-9EB7-8F58A3F18849}.Release|Any CPU.Build.0 = Release|Any CPU
		{30C790C7-2919-407B-B33E-A889CF1FD0B8}.Debug|Any CPU.ActiveCfg = Debug|Any CPU
		{30C790C7-2919-407B-B33E-A889CF1FD0B8}.Debug|Any CPU.Build.0 = Debug|Any CPU
		{30C790C7-2919-407B-B33E-A889CF1FD0B8}.Release|Any CPU.ActiveCfg = Release|Any CPU
		{30C790C7-2919-407B-B33E-A889CF1FD0B8}.Release|Any CPU.Build.0 = Release|Any CPU
		{F54E1335-C58B-4505-8210-E319D98561A4}.Debug|Any CPU.ActiveCfg = Debug|Any CPU
		{F54E1335-C58B-4505-8210-E319D98561A4}.Debug|Any CPU.Build.0 = Debug|Any CPU
		{F54E1335-C58B-4505-8210-E319D98561A4}.Release|Any CPU.ActiveCfg = Release|Any CPU
		{F54E1335-C58B-4505-8210-E319D98561A4}.Release|Any CPU.Build.0 = Release|Any CPU
		{DF29CCC3-EB4D-4BFF-A123-09409D52502E}.Debug|Any CPU.ActiveCfg = Debug|Any CPU
		{DF29CCC3-EB4D-4BFF-A123-09409D52502E}.Debug|Any CPU.Build.0 = Debug|Any CPU
		{DF29CCC3-EB4D-4BFF-A123-09409D52502E}.Release|Any CPU.ActiveCfg = Release|Any CPU
		{DF29CCC3-EB4D-4BFF-A123-09409D52502E}.Release|Any CPU.Build.0 = Release|Any CPU
	EndGlobalSection
	GlobalSection(SolutionProperties) = preSolution
		HideSolutionNode = FALSE
	EndGlobalSection
	GlobalSection(NestedProjects) = preSolution
		{D3853075-DEEB-4144-9526-83FE616268B5} = {C9FA969B-E585-45C0-AF92-704B7CBB6234}
		{C5A8F9DA-765E-4128-80D1-6E808250982A} = {C9FA969B-E585-45C0-AF92-704B7CBB6234}
		{1C614960-0517-4855-883E-66F18305DD65} = {C9FA969B-E585-45C0-AF92-704B7CBB6234}
		{C7EF3932-4139-41AC-AF38-41D892EF0B2D} = {C5A8F9DA-765E-4128-80D1-6E808250982A}
		{2F80E121-F301-4A3E-8757-8D461DF55116} = {C5A8F9DA-765E-4128-80D1-6E808250982A}
		{CA261A8D-7252-428B-BB40-A17D9EC73164} = {C9FA969B-E585-45C0-AF92-704B7CBB6234}
		{EC8DE874-BA5E-4F71-9EB7-8F58A3F18849} = {CA261A8D-7252-428B-BB40-A17D9EC73164}
		{30C790C7-2919-407B-B33E-A889CF1FD0B8} = {D3853075-DEEB-4144-9526-83FE616268B5}
		{F54E1335-C58B-4505-8210-E319D98561A4} = {D3853075-DEEB-4144-9526-83FE616268B5}
		{DF29CCC3-EB4D-4BFF-A123-09409D52502E} = {1C614960-0517-4855-883E-66F18305DD65}
	EndGlobalSection
	GlobalSection(ExtensibilityGlobals) = postSolution
		SolutionGuid = {87A3C74B-FEB0-4B51-A59E-1387DC7915FE}
	EndGlobalSection
EndGlobal
